
Microsoft Visual Studio Solution File, Format Version 12.00
# Visual Studio 15
VisualStudioVersion = 15.0.27703.2035
MinimumVisualStudioVersion = 10.0.40219.1
Project("{FAE04EC0-301F-11D3-BF4B-00C04F79EFBC}") = "WebApp-gym", "WebApp-gym\WebApp-gym.csproj", "{FBB72666-2A64-4C2A-8170-DC7719F31DE0}"
EndProject
Global
	GlobalSection(SolutionConfigurationPlatforms) = preSolution
		Debug|Any CPU = Debug|Any CPU
		Release|Any CPU = Release|Any CPU
	EndGlobalSection
	GlobalSection(ProjectConfigurationPlatforms) = postSolution
		{FBB72666-2A64-4C2A-8170-DC7719F31DE0}.Debug|Any CPU.ActiveCfg = Debug|Any CPU
		{FBB72666-2A64-4C2A-8170-DC7719F31DE0}.Debug|Any CPU.Build.0 = Debug|Any CPU
		{FBB72666-2A64-4C2A-8170-DC7719F31DE0}.Release|Any CPU.ActiveCfg = Release|Any CPU
		{FBB72666-2A64-4C2A-8170-DC7719F31DE0}.Release|Any CPU.Build.0 = Release|Any CPU
	EndGlobalSection
	GlobalSection(SolutionProperties) = preSolution
		HideSolutionNode = FALSE
	EndGlobalSection
	GlobalSection(ExtensibilityGlobals) = postSolution
		SolutionGuid = {2C2478F6-3CCB-467F-95DD-F4A771D0E14B}
	EndGlobalSection
EndGlobal
